<?xml version="1.0" encoding="utf-8"?>
<Project ToolsVersion="4.0" xmlns="http://schemas.microsoft.com/developer/msbuild/2003">
  <ItemGroup>
    <Filter Include="Resource Files">
      <UniqueIdentifier>{67DA6AB6-F800-4c08-8B7A-83BB121AAD01}</UniqueIdentifier>
      <Extensions>rc;ico;cur;bmp;dlg;rc2;rct;bin;rgs;gif;jpg;jpeg;jpe;resx;tiff;tif;png;wav;mfcribbon-ms</Extensions>
    </Filter>
    <Filter Include="GameObject">
      <UniqueIdentifier>{e52a0183-f91f-42a5-89c3-87ef976111e3}</UniqueIdentifier>
    </Filter>
    <Filter Include="Scene">
      <UniqueIdentifier>{493da810-209f-4978-ad05-d997e6ebcb9c}</UniqueIdentifier>
    </Filter>
    <Filter Include="Main">
      <UniqueIdentifier>{e3cfa13b-ee92-4c4f-8a26-3baf0aefc692}</UniqueIdentifier>
    </Filter>
    <Filter Include="Imgui">
      <UniqueIdentifier>{c5148e39-762b-437d-9e80-8745e07f6174}</UniqueIdentifier>
    </Filter>
    <Filter Include="Imgui\Imgui_Resource">
      <UniqueIdentifier>{063a6c3c-66e7-4084-b47e-6d2c86206026}</UniqueIdentifier>
    </Filter>
    <Filter Include="GameObject\Player">
      <UniqueIdentifier>{e1b87ab7-9a26-4ba9-b03f-757c123c1993}</UniqueIdentifier>
    </Filter>
    <Filter Include="GameObject\Player\Too">
      <UniqueIdentifier>{25d5f629-5940-4195-acd2-56d1cc03cfe6}</UniqueIdentifier>
    </Filter>
    <Filter Include="GameObject\Player\Top">
      <UniqueIdentifier>{de5c4e7a-aa82-43b5-84b6-99db683be8a1}</UniqueIdentifier>
    </Filter>
    <Filter Include="GameObject\Player\Shadow">
      <UniqueIdentifier>{a8f27c6d-4f2a-4439-a14b-9e39d6104b0c}</UniqueIdentifier>
    </Filter>
    <Filter Include="GameObject\Monster">
      <UniqueIdentifier>{e42c2326-cc06-46d3-8776-d1feffa77a98}</UniqueIdentifier>
    </Filter>
    <Filter Include="GameObject\Monster\Pig">
      <UniqueIdentifier>{e9aec24d-c483-46fb-bb0a-a7c26fb16c06}</UniqueIdentifier>
    </Filter>
    <Filter Include="GameObject\Monster\Bat">
      <UniqueIdentifier>{92161462-0cd2-4ecb-b57a-d26da0505797}</UniqueIdentifier>
    </Filter>
    <Filter Include="GameObject\Cube">
      <UniqueIdentifier>{9fdebcc2-6246-4055-9988-1858baba3f3c}</UniqueIdentifier>
    </Filter>
    <Filter Include="GameObject\Cube\Box">
      <UniqueIdentifier>{c03003e1-e5f1-4343-8241-d1028e4ec0f1}</UniqueIdentifier>
    </Filter>
    <Filter Include="Imgui\Imgui_Object">
      <UniqueIdentifier>{7b2f1257-2e0e-43bc-a2e4-72cfad90399e}</UniqueIdentifier>
    </Filter>
    <Filter Include="Imgui\Imgui_Object\GIrd">
      <UniqueIdentifier>{13dfbe5f-a848-479c-a503-bcce600def75}</UniqueIdentifier>
    </Filter>
    <Filter Include="Imgui\Imgui_Object\Cube">
      <UniqueIdentifier>{e3d76586-808e-480e-a3b4-ec6029fc5efc}</UniqueIdentifier>
    </Filter>
    <Filter Include="Imgui\Imgui_Object\GIrd\GroundGird">
      <UniqueIdentifier>{3c5d0edd-a000-4c33-97fb-2ed67d1dc37a}</UniqueIdentifier>
    </Filter>
    <Filter Include="Imgui\Imgui_Object\GIrd\InstallGrid">
      <UniqueIdentifier>{fa025452-b800-47b6-b999-7e7141b476bc}</UniqueIdentifier>
    </Filter>
    <Filter Include="Imgui\Imgui_Object\GIrd\DefaultGrid">
      <UniqueIdentifier>{7d2e26fc-a89d-4b77-9171-a5a459c50919}</UniqueIdentifier>
    </Filter>
    <Filter Include="Imgui\Imgui_Object\Cube\DefaultCube">
      <UniqueIdentifier>{fbbcb3f0-dd9c-4946-af40-a6b9ac71cfb0}</UniqueIdentifier>
    </Filter>
    <Filter Include="Imgui\Imgui_Object\Cube\InstallCube">
      <UniqueIdentifier>{51752646-cb79-4f82-9e33-fe49c6158465}</UniqueIdentifier>
    </Filter>
    <Filter Include="Imgui\Imgui_Menu">
      <UniqueIdentifier>{62560a8c-506d-4348-8b19-bf031d4812d2}</UniqueIdentifier>
    </Filter>
    <Filter Include="Imgui\Imgui_Menu\imgui_stage">
      <UniqueIdentifier>{eebd6916-35be-4735-8aef-b36ddc0237fe}</UniqueIdentifier>
    </Filter>
    <Filter Include="Imgui\Imgui_Menu\Imgui_Unit">
      <UniqueIdentifier>{77031cc4-067e-4439-949b-b039268f3bd7}</UniqueIdentifier>
    </Filter>
    <Filter Include="GameObject\Key">
      <UniqueIdentifier>{b72399c7-30f3-4545-845e-8ce139d6c0a1}</UniqueIdentifier>
    </Filter>
    <Filter Include="Imgui\Imgui_Object\DefaultMonster">
      <UniqueIdentifier>{82c722ae-dfdd-49b7-97bb-37a529872c20}</UniqueIdentifier>
    </Filter>
  </ItemGroup>
  <ItemGroup>
    <ResourceCompile Include="Client.rc">
      <Filter>Resource Files</Filter>
    </ResourceCompile>
  </ItemGroup>
  <ItemGroup>
    <Image Include="small.ico">
      <Filter>Resource Files</Filter>
    </Image>
    <Image Include="Client.ico">
      <Filter>Resource Files</Filter>
    </Image>
  </ItemGroup>
  <ItemGroup>
    <ClInclude Include="BackGround.h">
      <Filter>GameObject</Filter>
    </ClInclude>
    <ClInclude Include="Resource.h">
      <Filter>Resource Files</Filter>
    </ClInclude>
    <ClInclude Include="Loading.h">
      <Filter>Scene</Filter>
    </ClInclude>
    <ClInclude Include="Logo.h">
      <Filter>Scene</Filter>
    </ClInclude>
    <ClInclude Include="Stage.h">
      <Filter>Scene</Filter>
    </ClInclude>
    <ClInclude Include="Client.h">
      <Filter>Main</Filter>
    </ClInclude>
    <ClInclude Include="MainApp.h">
      <Filter>Main</Filter>
    </ClInclude>
    <ClInclude Include="stdafx.h">
      <Filter>Main</Filter>
    </ClInclude>
    <ClInclude Include="targetver.h">
      <Filter>Main</Filter>
    </ClInclude>
    <ClInclude Include="imconfig.h">
      <Filter>Imgui\Imgui_Resource</Filter>
    </ClInclude>
    <ClInclude Include="imgui.h">
      <Filter>Imgui\Imgui_Resource</Filter>
    </ClInclude>
    <ClInclude Include="imgui_impl_dx9.h">
      <Filter>Imgui\Imgui_Resource</Filter>
    </ClInclude>
    <ClInclude Include="imgui_impl_win32.h">
      <Filter>Imgui\Imgui_Resource</Filter>
    </ClInclude>
    <ClInclude Include="imgui_internal.h">
      <Filter>Imgui\Imgui_Resource</Filter>
    </ClInclude>
    <ClInclude Include="imstb_rectpack.h">
      <Filter>Imgui\Imgui_Resource</Filter>
    </ClInclude>
    <ClInclude Include="imstb_textedit.h">
      <Filter>Imgui\Imgui_Resource</Filter>
    </ClInclude>
    <ClInclude Include="imstb_truetype.h">
      <Filter>Imgui\Imgui_Resource</Filter>
    </ClInclude>
    <ClInclude Include="ImguiMgr.h">
      <Filter>Imgui</Filter>
    </ClInclude>
    <ClInclude Include="DynamiCamera.h">
      <Filter>GameObject</Filter>
    </ClInclude>
    <ClInclude Include="Player.h">
      <Filter>GameObject\Player\Too</Filter>
    </ClInclude>
    <ClInclude Include="Player02.h">
      <Filter>GameObject\Player\Top</Filter>
    </ClInclude>
    <ClInclude Include="Monster.h">
      <Filter>GameObject\Monster</Filter>
    </ClInclude>
    <ClInclude Include="Bat.h">
      <Filter>GameObject\Monster\Bat</Filter>
    </ClInclude>
    <ClInclude Include="Cube.h">
      <Filter>GameObject\Cube</Filter>
    </ClInclude>
    <ClInclude Include="MoveBox.h">
      <Filter>GameObject\Cube\Box</Filter>
    </ClInclude>
    <ClInclude Include="Grid.h">
      <Filter>Imgui\Imgui_Object\GIrd</Filter>
    </ClInclude>
    <ClInclude Include="GroundGrid.h">
      <Filter>Imgui\Imgui_Object\GIrd\GroundGird</Filter>
    </ClInclude>
    <ClInclude Include="InstallGrid.h">
      <Filter>Imgui\Imgui_Object\GIrd\InstallGrid</Filter>
    </ClInclude>
    <ClInclude Include="DefaultGrid.h">
      <Filter>Imgui\Imgui_Object\GIrd\DefaultGrid</Filter>
    </ClInclude>
    <ClInclude Include="Monster.h">
      <Filter>GameObject\Monster</Filter>
    </ClInclude>
    <ClInclude Include="Pig.h">
      <Filter>GameObject\Monster\Pig</Filter>
    </ClInclude>
    <ClInclude Include="DefaultCube.h">
      <Filter>Imgui\Imgui_Object\Cube\DefaultCube</Filter>
    </ClInclude>
    <ClInclude Include="InstallCube.h">
      <Filter>Imgui\Imgui_Object\Cube\InstallCube</Filter>
    </ClInclude>
    <ClInclude Include="ImguiUnit.h">
      <Filter>Imgui\Imgui_Menu\Imgui_Unit</Filter>
    </ClInclude>
    <ClInclude Include="ImguiStage.h">
      <Filter>Imgui\Imgui_Menu\imgui_stage</Filter>
    </ClInclude>
    <ClInclude Include="Key.h">
      <Filter>GameObject\Key</Filter>
    </ClInclude>
    <ClInclude Include="StageBG.h">
      <Filter>GameObject</Filter>
    </ClInclude>
    <ClInclude Include="DefaultMonster.h">
      <Filter>Imgui\Imgui_Object\DefaultMonster</Filter>
    </ClInclude>
  </ItemGroup>
  <ItemGroup>
    <ClCompile Include="BackGround.cpp">
      <Filter>GameObject</Filter>
    </ClCompile>
    <ClCompile Include="Loading.cpp">
      <Filter>Scene</Filter>
    </ClCompile>
    <ClCompile Include="Logo.cpp">
      <Filter>Scene</Filter>
    </ClCompile>
    <ClCompile Include="Stage.cpp">
      <Filter>Scene</Filter>
    </ClCompile>
    <ClCompile Include="MainApp.cpp">
      <Filter>Main</Filter>
    </ClCompile>
    <ClCompile Include="Client.cpp">
      <Filter>Main</Filter>
    </ClCompile>
    <ClCompile Include="stdafx.cpp">
      <Filter>Main</Filter>
    </ClCompile>
    <ClCompile Include="imgui.cpp">
      <Filter>Imgui\Imgui_Resource</Filter>
    </ClCompile>
    <ClCompile Include="imgui_demo.cpp">
      <Filter>Imgui\Imgui_Resource</Filter>
    </ClCompile>
    <ClCompile Include="imgui_draw.cpp">
      <Filter>Imgui\Imgui_Resource</Filter>
    </ClCompile>
    <ClCompile Include="imgui_impl_dx9.cpp">
      <Filter>Imgui\Imgui_Resource</Filter>
    </ClCompile>
    <ClCompile Include="imgui_impl_win32.cpp">
      <Filter>Imgui\Imgui_Resource</Filter>
    </ClCompile>
    <ClCompile Include="imgui_tables.cpp">
      <Filter>Imgui\Imgui_Resource</Filter>
    </ClCompile>
    <ClCompile Include="imgui_widgets.cpp">
      <Filter>Imgui\Imgui_Resource</Filter>
    </ClCompile>
    <ClCompile Include="ImguiMgr.cpp">
      <Filter>Imgui</Filter>
    </ClCompile>
    <ClCompile Include="DynamiCamera.cpp">
      <Filter>GameObject</Filter>
    </ClCompile>
    <ClCompile Include="Player.cpp">
      <Filter>GameObject\Player\Too</Filter>
    </ClCompile>
    <ClCompile Include="Player02.cpp">
      <Filter>GameObject\Player\Top</Filter>
    </ClCompile>
    <ClCompile Include="DynamiCamera.cpp">
      <Filter>GameObject</Filter>
    </ClCompile>
    <ClCompile Include="Monster.cpp">
      <Filter>GameObject\Monster</Filter>
    </ClCompile>
    <ClCompile Include="Bat.cpp">
      <Filter>GameObject\Monster\Bat</Filter>
    </ClCompile>
    <ClCompile Include="Cube.cpp">
      <Filter>GameObject\Cube</Filter>
    </ClCompile>
    <ClCompile Include="MoveBox.cpp">
      <Filter>GameObject\Cube\Box</Filter>
    </ClCompile>
    <ClCompile Include="Grid.cpp">
      <Filter>Imgui\Imgui_Object\GIrd</Filter>
    </ClCompile>
    <ClCompile Include="GroundGrid.cpp">
      <Filter>Imgui\Imgui_Object\GIrd\GroundGird</Filter>
    </ClCompile>
    <ClCompile Include="Grid.cpp">
      <Filter>Imgui\Imgui_Object\GIrd</Filter>
    </ClCompile>
    <ClCompile Include="InstallGrid.cpp">
      <Filter>Imgui\Imgui_Object\GIrd\InstallGrid</Filter>
    </ClCompile>
    <ClCompile Include="DefaultGrid.cpp">
      <Filter>Imgui\Imgui_Object\GIrd\DefaultGrid</Filter>
    </ClCompile>
    <ClCompile Include="Monster.cpp">
      <Filter>GameObject\Monster</Filter>
    </ClCompile>
    <ClCompile Include="Pig.cpp">
      <Filter>GameObject\Monster\Pig</Filter>
    </ClCompile>
    <ClCompile Include="DefaultCube.cpp">
      <Filter>Imgui\Imgui_Object\Cube\DefaultCube</Filter>
    </ClCompile>
    <ClCompile Include="InstallCube.cpp">
      <Filter>Imgui\Imgui_Object\Cube\InstallCube</Filter>
    </ClCompile>
    <ClCompile Include="ImguiStage.cpp">
      <Filter>Imgui\Imgui_Menu\imgui_stage</Filter>
    </ClCompile>
    <ClCompile Include="ImguiUnit.cpp">
      <Filter>Imgui\Imgui_Menu\Imgui_Unit</Filter>
    </ClCompile>
    <ClCompile Include="Key.cpp">
      <Filter>GameObject\Key</Filter>
    </ClCompile>
    <ClCompile Include="StageBG.cpp">
      <Filter>GameObject</Filter>
    </ClCompile>
    <ClCompile Include="DefaultMonster.cpp">
      <Filter>Imgui\Imgui_Object\DefaultMonster</Filter>
    </ClCompile>
  </ItemGroup>
</Project>