<?xml version="1.0" encoding="utf-8"?>
<Project ToolsVersion="4.0" xmlns="http://schemas.microsoft.com/developer/msbuild/2003">
  <ItemGroup>
    <Filter Include="Resource Files">
      <UniqueIdentifier>{67DA6AB6-F800-4c08-8B7A-83BB121AAD01}</UniqueIdentifier>
      <Extensions>rc;ico;cur;bmp;dlg;rc2;rct;bin;rgs;gif;jpg;jpeg;jpe;resx;tiff;tif;png;wav;mfcribbon-ms</Extensions>
    </Filter>
    <Filter Include="Main">
      <UniqueIdentifier>{e3cfa13b-ee92-4c4f-8a26-3baf0aefc692}</UniqueIdentifier>
    </Filter>
    <Filter Include="Imgui">
      <UniqueIdentifier>{c5148e39-762b-437d-9e80-8745e07f6174}</UniqueIdentifier>
    </Filter>
    <Filter Include="Imgui\Imgui_Resource">
      <UniqueIdentifier>{063a6c3c-66e7-4084-b47e-6d2c86206026}</UniqueIdentifier>
    </Filter>
    <Filter Include="Imgui\Imgui_Object">
      <UniqueIdentifier>{7b2f1257-2e0e-43bc-a2e4-72cfad90399e}</UniqueIdentifier>
    </Filter>
    <Filter Include="Imgui\Imgui_Object\Cube">
      <UniqueIdentifier>{e3d76586-808e-480e-a3b4-ec6029fc5efc}</UniqueIdentifier>
    </Filter>
    <Filter Include="Imgui\Imgui_Object\Cube\DefaultCube">
      <UniqueIdentifier>{fbbcb3f0-dd9c-4946-af40-a6b9ac71cfb0}</UniqueIdentifier>
    </Filter>
    <Filter Include="Imgui\Imgui_Object\Cube\InstallCube">
      <UniqueIdentifier>{51752646-cb79-4f82-9e33-fe49c6158465}</UniqueIdentifier>
    </Filter>
    <Filter Include="Imgui\Imgui_Menu">
      <UniqueIdentifier>{62560a8c-506d-4348-8b19-bf031d4812d2}</UniqueIdentifier>
    </Filter>
    <Filter Include="Imgui\Imgui_Menu\imgui_stage">
      <UniqueIdentifier>{eebd6916-35be-4735-8aef-b36ddc0237fe}</UniqueIdentifier>
    </Filter>
    <Filter Include="Imgui\Imgui_Menu\Imgui_Unit">
      <UniqueIdentifier>{77031cc4-067e-4439-949b-b039268f3bd7}</UniqueIdentifier>
    </Filter>
    <Filter Include="Imgui\Imgui_Object\Grid">
      <UniqueIdentifier>{13dfbe5f-a848-479c-a503-bcce600def75}</UniqueIdentifier>
    </Filter>
    <Filter Include="Imgui\Imgui_Object\Grid\GroundGrid">
      <UniqueIdentifier>{3c5d0edd-a000-4c33-97fb-2ed67d1dc37a}</UniqueIdentifier>
    </Filter>
    <Filter Include="Imgui\Imgui_Object\Grid\InstallGrid">
      <UniqueIdentifier>{16e365e5-bd94-45c0-90d9-b9ccd160b1b6}</UniqueIdentifier>
    </Filter>
    <Filter Include="Imgui\Imgui_Object\Grid\DefaultGrid">
      <UniqueIdentifier>{52af855d-514f-4122-b0d6-317902eac34c}</UniqueIdentifier>
    </Filter>
    <Filter Include="Main\MainApp">
      <UniqueIdentifier>{20341fff-bbd9-4cb3-b656-78e932121d83}</UniqueIdentifier>
    </Filter>
    <Filter Include="00. GameObject">
      <UniqueIdentifier>{e52a0183-f91f-42a5-89c3-87ef976111e3}</UniqueIdentifier>
    </Filter>
    <Filter Include="00. GameObject\00. Player">
      <UniqueIdentifier>{e1b87ab7-9a26-4ba9-b03f-757c123c1993}</UniqueIdentifier>
    </Filter>
    <Filter Include="00. GameObject\00. Player\Shadow">
      <UniqueIdentifier>{a8f27c6d-4f2a-4439-a14b-9e39d6104b0c}</UniqueIdentifier>
    </Filter>
    <Filter Include="00. GameObject\01. Monster">
      <UniqueIdentifier>{e42c2326-cc06-46d3-8776-d1feffa77a98}</UniqueIdentifier>
    </Filter>
    <Filter Include="00. GameObject\01. Monster\Pig">
      <UniqueIdentifier>{e9aec24d-c483-46fb-bb0a-a7c26fb16c06}</UniqueIdentifier>
    </Filter>
    <Filter Include="00. GameObject\01. Monster\Bat">
      <UniqueIdentifier>{92161462-0cd2-4ecb-b57a-d26da0505797}</UniqueIdentifier>
    </Filter>
    <Filter Include="00. GameObject\02. MapObject">
      <UniqueIdentifier>{90492726-7aa6-4467-85e6-25158cfb49e7}</UniqueIdentifier>
    </Filter>
    <Filter Include="00. GameObject\02. MapObject\Cube">
      <UniqueIdentifier>{9fdebcc2-6246-4055-9988-1858baba3f3c}</UniqueIdentifier>
    </Filter>
    <Filter Include="00. GameObject\02. MapObject\Key">
      <UniqueIdentifier>{b72399c7-30f3-4545-845e-8ce139d6c0a1}</UniqueIdentifier>
    </Filter>
    <Filter Include="00. GameObject\02. MapObject\Portal">
      <UniqueIdentifier>{fc218ae6-2353-4c26-b2ce-c733916ec993}</UniqueIdentifier>
    </Filter>
    <Filter Include="00. GameObject\02. MapObject\Spike">
      <UniqueIdentifier>{1efa3d7a-e68a-4d36-9a90-b4b436676355}</UniqueIdentifier>
    </Filter>
    <Filter Include="00. GameObject\03. Etc">
      <UniqueIdentifier>{9163a1fd-8629-4881-bd24-809e01b849c3}</UniqueIdentifier>
    </Filter>
    <Filter Include="00. GameObject\03. Etc\BackGround">
      <UniqueIdentifier>{6b52c980-3a99-4eb1-9e87-2f4d65d543db}</UniqueIdentifier>
    </Filter>
    <Filter Include="00. GameObject\03. Etc\Camera">
      <UniqueIdentifier>{6f60e620-5749-4699-a3f4-4516b0b9fc84}</UniqueIdentifier>
    </Filter>
    <Filter Include="01. Scene">
      <UniqueIdentifier>{493da810-209f-4978-ad05-d997e6ebcb9c}</UniqueIdentifier>
    </Filter>
    <Filter Include="01. Scene\Loading">
      <UniqueIdentifier>{c7ff4b7f-8ab1-4bd4-a022-1106b40152ef}</UniqueIdentifier>
    </Filter>
    <Filter Include="01. Scene\Stages">
      <UniqueIdentifier>{627e2365-507d-4ba9-b8d1-addb89192073}</UniqueIdentifier>
    </Filter>
    <Filter Include="00. GameObject\01. Monster\Boss">
      <UniqueIdentifier>{d8b2bab9-66d0-467a-b8d3-cb619470bd0a}</UniqueIdentifier>
    </Filter>
    <Filter Include="00. GameObject\01. Monster\Boss\FireBall">
      <UniqueIdentifier>{06610006-bb98-4f94-a1f6-836539ed7637}</UniqueIdentifier>
    </Filter>
    <Filter Include="00. GameObject\00. Player\Toodee">
      <UniqueIdentifier>{25d5f629-5940-4195-acd2-56d1cc03cfe6}</UniqueIdentifier>
    </Filter>
    <Filter Include="00. GameObject\00. Player\Topdee">
      <UniqueIdentifier>{de5c4e7a-aa82-43b5-84b6-99db683be8a1}</UniqueIdentifier>
    </Filter>
    <Filter Include="00. GameObject\02. MapObject\Cube\CrackCube">
      <UniqueIdentifier>{76c5ec89-287a-40fd-aa50-cf83eb6344c5}</UniqueIdentifier>
    </Filter>
    <Filter Include="00. GameObject\02. MapObject\Cube\MoveCube">
      <UniqueIdentifier>{c03003e1-e5f1-4343-8241-d1028e4ec0f1}</UniqueIdentifier>
    </Filter>
    <Filter Include="00. GameObject\02. MapObject\Cloud">
      <UniqueIdentifier>{9a20748b-5a06-498f-b870-9de2a46d73d2}</UniqueIdentifier>
    </Filter>
    <Filter Include="00. GameObject\02. MapObject\Cube\GravityCube">
      <UniqueIdentifier>{5ce03629-8ff6-45b7-8bee-60c6ee516970}</UniqueIdentifier>
    </Filter>
    <Filter Include="00. GameObject\02. MapObject\Cube\KeyCube">
      <UniqueIdentifier>{217df511-324e-4382-b5ca-bda9c5427c79}</UniqueIdentifier>
    </Filter>
    <Filter Include="00. GameObject\02. MapObject\Cloud\LightningCloud">
      <UniqueIdentifier>{44fb033c-1181-4f66-a281-39ae44757380}</UniqueIdentifier>
    </Filter>
    <Filter Include="00. GameObject\02. MapObject\Cloud\LightningCloud\Lightning">
      <UniqueIdentifier>{458383cb-c7cd-4e6a-aeae-139fbc8ada6f}</UniqueIdentifier>
    </Filter>
    <Filter Include="Imgui\Imgui_Object\DefaultUnit">
      <UniqueIdentifier>{82c722ae-dfdd-49b7-97bb-37a529872c20}</UniqueIdentifier>
    </Filter>
    <Filter Include="00. GameObject\02. MapObject\Portal\SwallowPortal">
      <UniqueIdentifier>{67d4cdd9-f82b-45ec-91fc-76e99a983226}</UniqueIdentifier>
    </Filter>
    <Filter Include="00. GameObject\02. MapObject\Switch">
      <UniqueIdentifier>{7c5605f0-4abd-4c40-af27-0c42fea93bdf}</UniqueIdentifier>
    </Filter>
    <Filter Include="00. GameObject\02. MapObject\Cube\SwitchCube">
      <UniqueIdentifier>{8de42fbf-1e47-4079-b04c-8de5dedc94a6}</UniqueIdentifier>
    </Filter>
    <Filter Include="00. GameObject\02. MapObject\Cube\PortalCube">
      <UniqueIdentifier>{bfd2989d-479f-4069-b52c-824de8b3f354}</UniqueIdentifier>
    </Filter>
    <Filter Include="01. Scene\Stages\Logo">
      <UniqueIdentifier>{6ae78c6a-8cbd-4fa3-af94-b6e8dc8ce95c}</UniqueIdentifier>
    </Filter>
    <Filter Include="01. Scene\Stages\Logo\00.Title">
      <UniqueIdentifier>{df773c6d-ec21-4c91-a92c-4372b755ee36}</UniqueIdentifier>
    </Filter>
    <Filter Include="00. GameObject\03. Etc\Camera\StageCamera">
      <UniqueIdentifier>{9a709d8a-b6b6-4f1c-93f4-920a6b2e948e}</UniqueIdentifier>
    </Filter>
    <Filter Include="01. Scene\Stages\Logo\00.Title\Select">
      <UniqueIdentifier>{59f881fb-4ef7-4c35-9db8-4006b91c675c}</UniqueIdentifier>
    </Filter>
    <Filter Include="00. GameObject\04. Boss">
      <UniqueIdentifier>{75774083-3cd0-48df-a419-5ecbb16f12ac}</UniqueIdentifier>
    </Filter>
    <Filter Include="00. GameObject\04. Boss\Boss3">
      <UniqueIdentifier>{2dc22887-05a7-46f0-b662-307accbe57c8}</UniqueIdentifier>
    </Filter>
  </ItemGroup>
  <ItemGroup>
    <ResourceCompile Include="Client.rc">
      <Filter>Resource Files</Filter>
    </ResourceCompile>
  </ItemGroup>
  <ItemGroup>
    <Image Include="small.ico">
      <Filter>Resource Files</Filter>
    </Image>
    <Image Include="Client.ico">
      <Filter>Resource Files</Filter>
    </Image>
  </ItemGroup>
  <ItemGroup>
    <ClInclude Include="Resource.h">
      <Filter>Resource Files</Filter>
    </ClInclude>
    <ClInclude Include="Client.h">
      <Filter>Main</Filter>
    </ClInclude>
    <ClInclude Include="stdafx.h">
      <Filter>Main</Filter>
    </ClInclude>
    <ClInclude Include="targetver.h">
      <Filter>Main</Filter>
    </ClInclude>
    <ClInclude Include="imconfig.h">
      <Filter>Imgui\Imgui_Resource</Filter>
    </ClInclude>
    <ClInclude Include="imgui.h">
      <Filter>Imgui\Imgui_Resource</Filter>
    </ClInclude>
    <ClInclude Include="imgui_impl_dx9.h">
      <Filter>Imgui\Imgui_Resource</Filter>
    </ClInclude>
    <ClInclude Include="imgui_impl_win32.h">
      <Filter>Imgui\Imgui_Resource</Filter>
    </ClInclude>
    <ClInclude Include="imgui_internal.h">
      <Filter>Imgui\Imgui_Resource</Filter>
    </ClInclude>
    <ClInclude Include="imstb_rectpack.h">
      <Filter>Imgui\Imgui_Resource</Filter>
    </ClInclude>
    <ClInclude Include="imstb_textedit.h">
      <Filter>Imgui\Imgui_Resource</Filter>
    </ClInclude>
    <ClInclude Include="imstb_truetype.h">
      <Filter>Imgui\Imgui_Resource</Filter>
    </ClInclude>
    <ClInclude Include="ImguiMgr.h">
      <Filter>Imgui</Filter>
    </ClInclude>
    <ClInclude Include="Bat.h">
      <Filter>00. GameObject\01. Monster\Bat</Filter>
    </ClInclude>
    <ClInclude Include="Cube.h">
      <Filter>00. GameObject\02. MapObject\Cube</Filter>
    </ClInclude>
    <ClInclude Include="GroundGrid.h">
      <Filter>Imgui\Imgui_Object\Grid\GroundGrid</Filter>
    </ClInclude>
    <ClInclude Include="Pig.h">
      <Filter>00. GameObject\01. Monster\Pig</Filter>
    </ClInclude>
    <ClInclude Include="DefaultCube.h">
      <Filter>Imgui\Imgui_Object\Cube\DefaultCube</Filter>
    </ClInclude>
    <ClInclude Include="InstallCube.h">
      <Filter>Imgui\Imgui_Object\Cube\InstallCube</Filter>
    </ClInclude>
    <ClInclude Include="ImguiUnit.h">
      <Filter>Imgui\Imgui_Menu\Imgui_Unit</Filter>
    </ClInclude>
    <ClInclude Include="ImguiStage.h">
      <Filter>Imgui\Imgui_Menu\imgui_stage</Filter>
    </ClInclude>
    <ClInclude Include="Key.h">
      <Filter>00. GameObject\02. MapObject\Key</Filter>
    </ClInclude>
    <ClInclude Include="Portal.h">
      <Filter>00. GameObject\02. MapObject\Portal</Filter>
    </ClInclude>
    <ClInclude Include="Spike.h">
      <Filter>00. GameObject\02. MapObject\Spike</Filter>
    </ClInclude>
    <ClInclude Include="InstallGrid.h">
      <Filter>GameObject\Cube\InstallGrid</Filter>
      <Filter>Imgui\Imgui_Object\Grid\InstallGrid</Filter>
    </ClInclude>
    <ClInclude Include="DefaultGrid.h">
      <Filter>Imgui\Imgui_Object\Grid\DefaultGrid</Filter>
    </ClInclude>
    <ClInclude Include="BackGround.h">
      <Filter>00. GameObject\03. Etc\BackGround</Filter>
    </ClInclude>
    <ClInclude Include="StageBG.h">
      <Filter>00. GameObject\03. Etc\BackGround</Filter>
    </ClInclude>
    <ClInclude Include="MainApp.h">
      <Filter>Main\MainApp</Filter>
    </ClInclude>
    <ClInclude Include="Loading.h">
      <Filter>01. Scene\Loading</Filter>
    </ClInclude>
    <ClInclude Include="Fireball.h">
      <Filter>00. GameObject\01. Monster\Boss\FireBall</Filter>
    </ClInclude>
    <ClInclude Include="Monster.h">
      <Filter>00. GameObject\01. Monster</Filter>
    </ClInclude>
    <ClInclude Include="Toodee.h">
      <Filter>00. GameObject\00. Player\Toodee</Filter>
    </ClInclude>
    <ClInclude Include="Topdee.h">
      <Filter>00. GameObject\00. Player\Topdee</Filter>
    </ClInclude>
    <ClInclude Include="MoveCube.h">
      <Filter>00. GameObject\02. MapObject\Cube\MoveCube</Filter>
    </ClInclude>
    <ClInclude Include="CrackCube.h">
      <Filter>00. GameObject\02. MapObject\Cube\CrackCube</Filter>
    </ClInclude>
    <ClInclude Include="KeyCube.h">
      <Filter>00. GameObject\02. MapObject\Cube\KeyCube</Filter>
    </ClInclude>
    <ClInclude Include="Stage1.h">
      <Filter>01. Scene\Stages</Filter>
    </ClInclude>
    <ClInclude Include="Cloud.h">
      <Filter>00. GameObject\02. MapObject\Cloud</Filter>
    </ClInclude>
    <ClInclude Include="PinkCloud.h">
      <Filter>00. GameObject\02. MapObject\Cloud</Filter>
    </ClInclude>
    <ClInclude Include="GravityCube.h">
      <Filter>00. GameObject\02. MapObject\Cube\GravityCube</Filter>
    </ClInclude>
    <ClInclude Include="Monster.h">
      <Filter>00. GameObject\01. Monster</Filter>
    </ClInclude>
    <ClInclude Include="LightningCloud.h">
      <Filter>00. GameObject\02. MapObject\Cloud\LightningCloud</Filter>
    </ClInclude>
    <ClInclude Include="Lightning.h">
      <Filter>00. GameObject\02. MapObject\Cloud\LightningCloud\Lightning</Filter>
    </ClInclude>
    <ClInclude Include="DefaultUnit.h">
      <Filter>Imgui\Imgui_Object\DefaultUnit</Filter>
    </ClInclude>
    <ClInclude Include="SwallowPortal.h">
      <Filter>00. GameObject\02. MapObject\Portal\SwallowPortal</Filter>
    </ClInclude>
    <ClInclude Include="Switch.h">
      <Filter>00. GameObject\02. MapObject\Switch</Filter>
    </ClInclude>
    <ClInclude Include="SwitchCube.h">
      <Filter>00. GameObject\02. MapObject\Cube\SwitchCube</Filter>
    </ClInclude>
    <ClInclude Include="PortalCube.h">
      <Filter>00. GameObject\02. MapObject\Cube\PortalCube</Filter>
    </ClInclude>
    <ClInclude Include="Logo.h">
      <Filter>01. Scene\Stages\Logo</Filter>
    </ClInclude>
    <ClInclude Include="Title.h">
      <Filter>01. Scene\Stages\Logo\00.Title</Filter>
    </ClInclude>
    <ClInclude Include="StageCamera.h">
      <Filter>00. GameObject\03. Etc\Camera\StageCamera</Filter>
    </ClInclude>
    <ClInclude Include="UICamera.h">
      <Filter>00. GameObject\03. Etc\Camera</Filter>
    </ClInclude>
    <ClInclude Include="LogoCamera.h" />
    <ClInclude Include="Select.h">
      <Filter>01. Scene\Stages\Logo\00.Title\Select</Filter>
    </ClInclude>
    <ClInclude Include="Boss3.h">
      <Filter>00. GameObject\04. Boss\Boss3</Filter>
    </ClInclude>
    <ClInclude Include="Boss3Hand.h">
      <Filter>00. GameObject\04. Boss\Boss3</Filter>
    </ClInclude>
  </ItemGroup>
  <ItemGroup>
    <ClCompile Include="Client.cpp">
      <Filter>Main</Filter>
    </ClCompile>
    <ClCompile Include="stdafx.cpp">
      <Filter>Main</Filter>
    </ClCompile>
    <ClCompile Include="imgui.cpp">
      <Filter>Imgui\Imgui_Resource</Filter>
    </ClCompile>
    <ClCompile Include="imgui_demo.cpp">
      <Filter>Imgui\Imgui_Resource</Filter>
    </ClCompile>
    <ClCompile Include="imgui_draw.cpp">
      <Filter>Imgui\Imgui_Resource</Filter>
    </ClCompile>
    <ClCompile Include="imgui_impl_dx9.cpp">
      <Filter>Imgui\Imgui_Resource</Filter>
    </ClCompile>
    <ClCompile Include="imgui_impl_win32.cpp">
      <Filter>Imgui\Imgui_Resource</Filter>
    </ClCompile>
    <ClCompile Include="imgui_tables.cpp">
      <Filter>Imgui\Imgui_Resource</Filter>
    </ClCompile>
    <ClCompile Include="imgui_widgets.cpp">
      <Filter>Imgui\Imgui_Resource</Filter>
    </ClCompile>
    <ClCompile Include="ImguiMgr.cpp">
      <Filter>Imgui</Filter>
    </ClCompile>
    <ClCompile Include="Monster.cpp">
      <Filter>00. GameObject\01. Monster</Filter>
    </ClCompile>
    <ClCompile Include="Bat.cpp">
      <Filter>00. GameObject\01. Monster\Bat</Filter>
    </ClCompile>
    <ClCompile Include="Cube.cpp">
      <Filter>00. GameObject\02. MapObject\Cube</Filter>
    </ClCompile>
    <ClCompile Include="GroundGrid.cpp">
      <Filter>Imgui\Imgui_Object\Grid\GroundGrid</Filter>
    </ClCompile>
    <ClCompile Include="Monster.cpp">
      <Filter>GameObject\Monster</Filter>
    </ClCompile>
    <ClCompile Include="Pig.cpp">
      <Filter>00. GameObject\01. Monster\Pig</Filter>
    </ClCompile>
    <ClCompile Include="DefaultCube.cpp">
      <Filter>Imgui\Imgui_Object\Cube\DefaultCube</Filter>
    </ClCompile>
    <ClCompile Include="InstallCube.cpp">
      <Filter>Imgui\Imgui_Object\Cube\InstallCube</Filter>
    </ClCompile>
    <ClCompile Include="ImguiStage.cpp">
      <Filter>Imgui\Imgui_Menu\imgui_stage</Filter>
    </ClCompile>
    <ClCompile Include="ImguiUnit.cpp">
      <Filter>Imgui\Imgui_Menu\Imgui_Unit</Filter>
    </ClCompile>
    <ClCompile Include="Key.cpp">
      <Filter>00. GameObject\02. MapObject\Key</Filter>
    </ClCompile>
    <ClCompile Include="Portal.cpp">
      <Filter>00. GameObject\02. MapObject\Portal</Filter>
    </ClCompile>
    <ClCompile Include="Spike.cpp">
      <Filter>00. GameObject\02. MapObject\Spike</Filter>
    </ClCompile>
    <ClCompile Include="InstallGrid.cpp">
      <Filter>GameObject\Cube\InstallGrid</Filter>
      <Filter>Imgui\Imgui_Object\Grid\InstallGrid</Filter>
    </ClCompile>
    <ClCompile Include="DefaultGrid.cpp">
      <Filter>Imgui\Imgui_Object\Grid\DefaultGrid</Filter>
    </ClCompile>
    <ClCompile Include="StageBG.cpp">
      <Filter>00. GameObject\03. Etc\BackGround</Filter>
    </ClCompile>
    <ClCompile Include="MainApp.cpp">
      <Filter>Main\MainApp</Filter>
    </ClCompile>
    <ClCompile Include="Loading.cpp">
      <Filter>01. Scene\Loading</Filter>
    </ClCompile>
    <ClCompile Include="Fireball.cpp">
      <Filter>00. GameObject\01. Monster\Boss\FireBall</Filter>
    </ClCompile>
    <ClCompile Include="Monster.cpp">
      <Filter>00. GameObject\01. Monster</Filter>
    </ClCompile>
    <ClCompile Include="Toodee.cpp">
      <Filter>00. GameObject\00. Player\Toodee</Filter>
    </ClCompile>
    <ClCompile Include="Topdee.cpp">
      <Filter>00. GameObject\00. Player\Topdee</Filter>
    </ClCompile>
    <ClCompile Include="Logo.cpp">
      <Filter>01. Scene\Stages</Filter>
    </ClCompile>
    <ClCompile Include="MoveCube.cpp">
      <Filter>00. GameObject\02. MapObject\Cube\MoveCube</Filter>
    </ClCompile>
    <ClCompile Include="CrackCube.cpp">
      <Filter>00. GameObject\02. MapObject\Cube\CrackCube</Filter>
    </ClCompile>
    <ClCompile Include="KeyCube.cpp">
      <Filter>00. GameObject\02. MapObject\Cube\KeyCube</Filter>
    </ClCompile>
    <ClCompile Include="Stage1.cpp">
      <Filter>01. Scene\Stages</Filter>
    </ClCompile>
    <ClCompile Include="Cloud.cpp">
      <Filter>00. GameObject\02. MapObject\Cloud</Filter>
    </ClCompile>
    <ClCompile Include="PinkCloud.cpp">
      <Filter>00. GameObject\02. MapObject\Cloud</Filter>
    </ClCompile>
    <ClCompile Include="GravityCube.cpp">
      <Filter>00. GameObject\02. MapObject\Cube\GravityCube</Filter>
    </ClCompile>
    <ClCompile Include="Loading.cpp">
      <Filter>01. Scene\Loading</Filter>
    </ClCompile>
    <ClCompile Include="LightningCloud.cpp">
      <Filter>00. GameObject\02. MapObject\Cloud\LightningCloud</Filter>
    </ClCompile>
    <ClCompile Include="Lightning.cpp">
      <Filter>00. GameObject\02. MapObject\Cloud\LightningCloud\Lightning</Filter>
    </ClCompile>
    <ClCompile Include="Defaultunit.cpp">
      <Filter>Imgui\Imgui_Object\DefaultUnit</Filter>
    </ClCompile>
    <ClCompile Include="SwallowPortal.cpp">
      <Filter>00. GameObject\02. MapObject\Portal\SwallowPortal</Filter>
    </ClCompile>
    <ClCompile Include="Switch.cpp">
      <Filter>00. GameObject\02. MapObject\Switch</Filter>
    </ClCompile>
    <ClCompile Include="SwitchCube.cpp">
      <Filter>00. GameObject\02. MapObject\Cube\SwitchCube</Filter>
    </ClCompile>
    <ClCompile Include="MainApp.cpp">
      <Filter>Main\MainApp</Filter>
    </ClCompile>
    <ClCompile Include="PortalCube.cpp">
      <Filter>00. GameObject\02. MapObject\Cube\PortalCube</Filter>
    </ClCompile>
    <ClCompile Include="BackGround.cpp">
      <Filter>00. GameObject\03. Etc\BackGround</Filter>
    </ClCompile>
    <ClCompile Include="Logo.cpp">
      <Filter>01. Scene\Stages\Logo</Filter>
    </ClCompile>
    <ClCompile Include="Title.cpp">
      <Filter>01. Scene\Stages\Logo\00.Title</Filter>
    </ClCompile>
    <ClCompile Include="BackGround.cpp" />
    <ClCompile Include="StageCamera.cpp">
      <Filter>00. GameObject\03. Etc\Camera\StageCamera</Filter>
    </ClCompile>
    <ClCompile Include="UICamera.cpp">
      <Filter>00. GameObject\03. Etc\Camera</Filter>
    </ClCompile>
    <ClCompile Include="LogoCamera.cpp" />
    <ClCompile Include="Select.cpp">
      <Filter>01. Scene\Stages\Logo\00.Title\Select</Filter>
    </ClCompile>
    <ClCompile Include="Boss3.cpp">
      <Filter>00. GameObject\04. Boss\Boss3</Filter>
    </ClCompile>
    <ClCompile Include="Boss3Hand.cpp">
      <Filter>00. GameObject\04. Boss\Boss3</Filter>
    </ClCompile>
  </ItemGroup>
</Project>