<?xml version="1.0" encoding="utf-8"?>
<Project ToolsVersion="4.0" xmlns="http://schemas.microsoft.com/developer/msbuild/2003">
  <ItemGroup>
    <ClInclude Include="Base.h">
      <Filter>Includes / Exports</Filter>
    </ClInclude>
    <ClInclude Include="Component.h">
      <Filter>Componnent</Filter>
    </ClInclude>
    <ClInclude Include="Define.h">
      <Filter>Includes / Exports</Filter>
    </ClInclude>
    <ClInclude Include="Enum.h">
      <Filter>Includes / Exports</Filter>
    </ClInclude>
    <ClInclude Include="Export_Function.h">
      <Filter>Includes / Exports</Filter>
    </ClInclude>
    <ClInclude Include="Export_System.h">
      <Filter>Includes / Exports</Filter>
    </ClInclude>
    <ClInclude Include="Export_Utility.h">
      <Filter>Includes / Exports</Filter>
    </ClInclude>
    <ClInclude Include="Include.h">
      <Filter>Includes / Exports</Filter>
    </ClInclude>
    <ClInclude Include="stdafx.h">
      <Filter>Includes / Exports</Filter>
    </ClInclude>
    <ClInclude Include="Typedef.h">
      <Filter>Includes / Exports</Filter>
    </ClInclude>
    <ClInclude Include="Struct.h">
      <Filter>Includes / Exports</Filter>
    </ClInclude>
    <ClInclude Include="Function.h">
      <Filter>Includes / Exports</Filter>
    </ClInclude>
    <ClInclude Include="targetver.h">
      <Filter>Includes / Exports</Filter>
    </ClInclude>
    <ClInclude Include="Camera.h">
      <Filter>Componnent\Camera</Filter>
    </ClInclude>
    <ClInclude Include="Collider.h">
      <Filter>Componnent\Collider</Filter>
    </ClInclude>
    <ClInclude Include="CubeTex.h">
      <Filter>Componnent\VIBuffer</Filter>
    </ClInclude>
    <ClInclude Include="RcCol.h">
      <Filter>Componnent\VIBuffer</Filter>
    </ClInclude>
    <ClInclude Include="RcTex.h">
      <Filter>Componnent\VIBuffer</Filter>
    </ClInclude>
    <ClInclude Include="TerrainTex.h">
      <Filter>Componnent\VIBuffer</Filter>
    </ClInclude>
    <ClInclude Include="TriCol.h">
      <Filter>Componnent\VIBuffer</Filter>
    </ClInclude>
    <ClInclude Include="VIBuffer.h">
      <Filter>Componnent\VIBuffer</Filter>
    </ClInclude>
    <ClInclude Include="ParticleSystem.h">
      <Filter>Componnent\ParticleSystem</Filter>
    </ClInclude>
    <ClInclude Include="Transform.h">
      <Filter>Componnent\Transform</Filter>
    </ClInclude>
    <ClInclude Include="Texture.h">
      <Filter>Componnent\Texture</Filter>
    </ClInclude>
    <ClInclude Include="CollisionMgr.h">
      <Filter>Manager\CollisionMgr</Filter>
    </ClInclude>
    <ClInclude Include="DInputMgr.h">
      <Filter>Manager\InputMgr</Filter>
    </ClInclude>
    <ClInclude Include="FontMgr.h">
      <Filter>Manager\FontMgr</Filter>
    </ClInclude>
    <ClInclude Include="MyFont.h">
      <Filter>Manager\FontMgr</Filter>
    </ClInclude>
    <ClInclude Include="Frame.h">
      <Filter>Manager\TimerMgr</Filter>
    </ClInclude>
    <ClInclude Include="FrameMgr.h">
      <Filter>Manager\TimerMgr</Filter>
    </ClInclude>
    <ClInclude Include="Timer.h">
      <Filter>Manager\TimerMgr</Filter>
    </ClInclude>
    <ClInclude Include="TimerMgr.h">
      <Filter>Manager\TimerMgr</Filter>
    </ClInclude>
    <ClInclude Include="ProtoMgr.h">
      <Filter>Manager\ProtoMgr</Filter>
    </ClInclude>
    <ClInclude Include="Rigidbody.h">
      <Filter>Componnent\Rigidbody</Filter>
    </ClInclude>
    <ClInclude Include="Line.h">
      <Filter>Componnent\Line</Filter>
    </ClInclude>
    <ClInclude Include="Animation.h">
      <Filter>Componnent\Animation</Filter>
    </ClInclude>
    <ClInclude Include="Line.h">
      <Filter>Componnent\Line</Filter>
    </ClInclude>
    <ClInclude Include="GraphicDev.h">
      <Filter>Manager\Device</Filter>
    </ClInclude>
    <ClInclude Include="Management.h">
      <Filter>Framework\00. Management</Filter>
    </ClInclude>
    <ClInclude Include="Layer.h">
      <Filter>Framework\02. Layer</Filter>
    </ClInclude>
    <ClInclude Include="Scene.h">
      <Filter>Framework\01. Scene</Filter>
    </ClInclude>
    <ClInclude Include="GameObject.h">
      <Filter>Framework\03. GameObject</Filter>
    </ClInclude>
    <ClInclude Include="Renderer.h">
      <Filter>Framework\04. Renderer</Filter>
    </ClInclude>
    <ClInclude Include="AbstractFactory.h">
      <Filter>Manager\AbstractFactory</Filter>
    </ClInclude>
    <ClInclude Include="Shadow.h">
      <Filter>Componnent\Shadow</Filter>
    </ClInclude>
    <ClInclude Include="SoundMgr.h">
      <Filter>Manager\SoundMgr</Filter>
    </ClInclude>
    <ClInclude Include="Collision.h">
      <Filter>Componnent\Collider\Collision</Filter>
    </ClInclude>
    <ClInclude Include="SkyBox.h" />
    <ClInclude Include="WindParticle.h" />
    <ClInclude Include="RcAlpha.h">
      <Filter>Componnent\VIBuffer</Filter>
    </ClInclude>
    <ClInclude Include="RcGradation.h">
      <Filter>Componnent\VIBuffer</Filter>
    </ClInclude>
    <ClInclude Include="ObjectPool.h">
      <Filter>Manager\ObjectPool</Filter>
    </ClInclude>
    <ClInclude Include="BlockExp.h">
      <Filter>Componnent\ParticleSystem\BlockExp</Filter>
    </ClInclude>
    <ClInclude Include="CircularParticle.h">
      <Filter>Componnent\ParticleSystem\Circular</Filter>
    </ClInclude>
    <ClInclude Include="JumpParticle.h">
      <Filter>Componnent\ParticleSystem\Jump</Filter>
    </ClInclude>
    <ClInclude Include="SparkParticle.h">
      <Filter>Componnent\ParticleSystem\Spark</Filter>
    </ClInclude>
    <ClInclude Include="LandingParticle.h">
      <Filter>Componnent\ParticleSystem\Landing</Filter>
    </ClInclude>
    <ClInclude Include="SlerpParticle.h">
      <Filter>Componnent\ParticleSystem\Slerp</Filter>
    </ClInclude>
  </ItemGroup>
  <ItemGroup>
    <ClCompile Include="Component.cpp">
      <Filter>Componnent</Filter>
    </ClCompile>
    <ClCompile Include="stdafx.cpp">
      <Filter>Includes / Exports</Filter>
    </ClCompile>
    <ClCompile Include="Camera.cpp">
      <Filter>Componnent\Camera</Filter>
    </ClCompile>
    <ClCompile Include="Collider.cpp">
      <Filter>Componnent\Collider</Filter>
    </ClCompile>
    <ClCompile Include="CubeTex.cpp">
      <Filter>Componnent\VIBuffer</Filter>
    </ClCompile>
    <ClCompile Include="RcCol.cpp">
      <Filter>Componnent\VIBuffer</Filter>
    </ClCompile>
    <ClCompile Include="RcTex.cpp">
      <Filter>Componnent\VIBuffer</Filter>
    </ClCompile>
    <ClCompile Include="TerrainTex.cpp">
      <Filter>Componnent\VIBuffer</Filter>
    </ClCompile>
    <ClCompile Include="TriCol.cpp">
      <Filter>Componnent\VIBuffer</Filter>
    </ClCompile>
    <ClCompile Include="VIBuffer.cpp">
      <Filter>Componnent\VIBuffer</Filter>
    </ClCompile>
    <ClCompile Include="ParticleSystem.cpp">
      <Filter>Componnent\ParticleSystem</Filter>
    </ClCompile>
    <ClCompile Include="Transform.cpp">
      <Filter>Componnent\Transform</Filter>
    </ClCompile>
    <ClCompile Include="Texture.cpp">
      <Filter>Componnent\Texture</Filter>
    </ClCompile>
    <ClCompile Include="CollisionMgr.cpp">
      <Filter>Manager\CollisionMgr</Filter>
    </ClCompile>
    <ClCompile Include="DInputMgr.cpp">
      <Filter>Manager\InputMgr</Filter>
    </ClCompile>
    <ClCompile Include="FontMgr.cpp">
      <Filter>Manager\FontMgr</Filter>
    </ClCompile>
    <ClCompile Include="MyFont.cpp">
      <Filter>Manager\FontMgr</Filter>
    </ClCompile>
    <ClCompile Include="Frame.cpp">
      <Filter>Manager\TimerMgr</Filter>
    </ClCompile>
    <ClCompile Include="FrameMgr.cpp">
      <Filter>Manager\TimerMgr</Filter>
    </ClCompile>
    <ClCompile Include="Timer.cpp">
      <Filter>Manager\TimerMgr</Filter>
    </ClCompile>
    <ClCompile Include="TimerMgr.cpp">
      <Filter>Manager\TimerMgr</Filter>
    </ClCompile>
    <ClCompile Include="ProtoMgr.cpp">
      <Filter>Manager\ProtoMgr</Filter>
    </ClCompile>
    <ClCompile Include="Rigidbody.cpp">
      <Filter>Componnent\Rigidbody</Filter>
    </ClCompile>
    <ClCompile Include="Line.cpp">
      <Filter>Componnent\Line</Filter>
    </ClCompile>
    <ClCompile Include="Animation.cpp">
      <Filter>Componnent\Animation</Filter>
    </ClCompile>
    <ClCompile Include="Line.cpp">
      <Filter>Componnent\Line</Filter>
    </ClCompile>
    <ClCompile Include="GraphicDev.cpp">
      <Filter>Manager\Device</Filter>
    </ClCompile>
    <ClCompile Include="Management.cpp">
      <Filter>Framework\00. Management</Filter>
    </ClCompile>
    <ClCompile Include="Layer.cpp">
      <Filter>Framework\02. Layer</Filter>
    </ClCompile>
    <ClCompile Include="Scene.cpp">
      <Filter>Framework\01. Scene</Filter>
    </ClCompile>
    <ClCompile Include="GameObject.cpp">
      <Filter>Framework\03. GameObject</Filter>
    </ClCompile>
    <ClCompile Include="Renderer.cpp">
      <Filter>Framework\04. Renderer</Filter>
    </ClCompile>
    <ClCompile Include="SoundMgr.cpp">
      <Filter>Manager\SoundMgr</Filter>
    </ClCompile>
    <ClCompile Include="Shadow.cpp">
      <Filter>Componnent\Shadow</Filter>
    </ClCompile>
    <ClCompile Include="SoundMgr.cpp">
      <Filter>Manager\SoundMgr</Filter>
    </ClCompile>
    <ClCompile Include="SkyBox.cpp" />
    <ClCompile Include="WindParticle.cpp" />
    <ClCompile Include="RcGradation.cpp">
      <Filter>Componnent\VIBuffer</Filter>
    </ClCompile>
    <ClCompile Include="RcAlpha.cpp">
      <Filter>Componnent\VIBuffer</Filter>
    </ClCompile>
    <ClCompile Include="BlockExp.cpp">
      <Filter>Componnent\ParticleSystem\BlockExp</Filter>
    </ClCompile>
    <ClCompile Include="CircularParticle.cpp">
      <Filter>Componnent\ParticleSystem\Circular</Filter>
    </ClCompile>
    <ClCompile Include="JumpParticle.cpp">
      <Filter>Componnent\ParticleSystem\Jump</Filter>
    </ClCompile>
    <ClCompile Include="SparkParticle.cpp">
      <Filter>Componnent\ParticleSystem\Spark</Filter>
    </ClCompile>
    <ClCompile Include="LandingParticle.cpp">
      <Filter>Componnent\ParticleSystem\Landing</Filter>
    </ClCompile>
    <ClCompile Include="SlerpParticle.cpp">
      <Filter>Componnent\ParticleSystem\Slerp</Filter>
    </ClCompile>
  </ItemGroup>
  <ItemGroup>
    <None Include="Base.inl">
      <Filter>Includes / Exports</Filter>
    </None>
    <None Include="Export_System.inl">
      <Filter>Includes / Exports</Filter>
    </None>
    <None Include="Export_Utility.inl">
      <Filter>Includes / Exports</Filter>
    </None>
  </ItemGroup>
  <ItemGroup>
    <Filter Include="Componnent">
      <UniqueIdentifier>{f61d561a-522d-49e9-b924-0a38e62a3ee9}</UniqueIdentifier>
    </Filter>
    <Filter Include="Manager">
      <UniqueIdentifier>{a9a6cae6-55df-4998-8162-6add0c2121cb}</UniqueIdentifier>
    </Filter>
    <Filter Include="Framework">
      <UniqueIdentifier>{18f0efa2-d6ec-43ea-a20b-62f879697839}</UniqueIdentifier>
    </Filter>
    <Filter Include="Componnent\VIBuffer">
      <UniqueIdentifier>{15a5e433-be7a-4eb4-86ff-ab48e69ea59f}</UniqueIdentifier>
    </Filter>
    <Filter Include="Componnent\Camera">
      <UniqueIdentifier>{065bbc3e-0e6e-47fa-a149-ffd0a512d54c}</UniqueIdentifier>
    </Filter>
    <Filter Include="Componnent\ParticleSystem">
      <UniqueIdentifier>{57b55658-92fb-4281-bd32-840a79a5aba0}</UniqueIdentifier>
    </Filter>
    <Filter Include="Componnent\Collider">
      <UniqueIdentifier>{22b78abf-07fe-4458-b091-6c9fa6f830b3}</UniqueIdentifier>
    </Filter>
    <Filter Include="Componnent\Transform">
      <UniqueIdentifier>{5863d0d2-b596-4b09-94e2-85040dd09eed}</UniqueIdentifier>
    </Filter>
    <Filter Include="Manager\InputMgr">
      <UniqueIdentifier>{c6d3e922-c22e-4571-bbf4-10a967944300}</UniqueIdentifier>
    </Filter>
    <Filter Include="Manager\FontMgr">
      <UniqueIdentifier>{fb63a2ab-90a9-4042-b031-5d5f5103fe0e}</UniqueIdentifier>
    </Filter>
    <Filter Include="Manager\TimerMgr">
      <UniqueIdentifier>{d3e77d95-b25c-48c5-8341-0b7d1cd96823}</UniqueIdentifier>
    </Filter>
    <Filter Include="Manager\ProtoMgr">
      <UniqueIdentifier>{9390663d-146d-4aec-b311-0f86e79be166}</UniqueIdentifier>
    </Filter>
    <Filter Include="Componnent\Rigidbody">
      <UniqueIdentifier>{f5bbfd22-3b00-42c5-aefa-8a6bc988a0fd}</UniqueIdentifier>
    </Filter>
    <Filter Include="Componnent\Texture">
      <UniqueIdentifier>{3923373d-3387-4c2b-b8fe-d8d82a24d934}</UniqueIdentifier>
    </Filter>
    <Filter Include="Componnent\Animation">
      <UniqueIdentifier>{f7b64550-f977-4ff3-a8f4-31e5a1673dae}</UniqueIdentifier>
    </Filter>
    <Filter Include="Componnent\Line">
      <UniqueIdentifier>{4800f1b8-e509-4ea3-b333-14edcb732713}</UniqueIdentifier>
    </Filter>
    <Filter Include="Manager\Device">
      <UniqueIdentifier>{c8480d5b-ac13-4cc8-9c8b-af99633f45cc}</UniqueIdentifier>
    </Filter>
    <Filter Include="Includes / Exports">
      <UniqueIdentifier>{861937ba-68a7-4f68-926e-ade248cc7386}</UniqueIdentifier>
    </Filter>
    <Filter Include="Framework\00. Management">
      <UniqueIdentifier>{cec2c38a-f315-4d00-9ffd-78c40d7df64a}</UniqueIdentifier>
    </Filter>
    <Filter Include="Framework\01. Scene">
      <UniqueIdentifier>{6184e9a0-46bf-4748-aa04-d61d99ca8c4f}</UniqueIdentifier>
    </Filter>
    <Filter Include="Framework\02. Layer">
      <UniqueIdentifier>{0b31608a-ee88-4706-8d04-e642c55739cd}</UniqueIdentifier>
    </Filter>
    <Filter Include="Framework\03. GameObject">
      <UniqueIdentifier>{ca651eb3-0508-4c3d-936c-b8a4ceb30412}</UniqueIdentifier>
    </Filter>
    <Filter Include="Framework\04. Renderer">
      <UniqueIdentifier>{5119021d-4bb1-4044-80ac-6b32ee4c7fe6}</UniqueIdentifier>
    </Filter>
    <Filter Include="Manager\AbstractFactory">
      <UniqueIdentifier>{85627165-7aa3-40d3-9af7-e880cf876576}</UniqueIdentifier>
    </Filter>
    <Filter Include="Componnent\Shadow">
      <UniqueIdentifier>{f48b964d-bd76-4782-8840-9e2670a1ac34}</UniqueIdentifier>
    </Filter>
    <Filter Include="Manager\SoundMgr">
      <UniqueIdentifier>{4ac68d62-d6b0-4e4b-b12c-0997c6b9749f}</UniqueIdentifier>
    </Filter>
    <Filter Include="Componnent\Collider\Collision">
      <UniqueIdentifier>{ae529a3b-905b-44db-acdf-280bd20fd4e2}</UniqueIdentifier>
    </Filter>
    <Filter Include="Manager\CollisionMgr">
      <UniqueIdentifier>{94e84c0d-baa8-42ea-b5f4-74fdeb443fb7}</UniqueIdentifier>
    </Filter>
    <Filter Include="Manager\ObjectPool">
      <UniqueIdentifier>{bae4fcd9-045d-45d9-b527-99a8d419a90c}</UniqueIdentifier>
    </Filter>
    <Filter Include="Componnent\ParticleSystem\BlockExp">
      <UniqueIdentifier>{29d7f5a1-c8b3-4239-b45c-4671728cebeb}</UniqueIdentifier>
    </Filter>
    <Filter Include="Componnent\ParticleSystem\Spark">
      <UniqueIdentifier>{18e35a98-41f8-44a2-b4ed-82eeb7e57ce5}</UniqueIdentifier>
    </Filter>
    <Filter Include="Componnent\ParticleSystem\Circular">
      <UniqueIdentifier>{6c846a54-851e-4b1f-97ff-3fc96efb2b74}</UniqueIdentifier>
    </Filter>
    <Filter Include="Componnent\ParticleSystem\Jump">
      <UniqueIdentifier>{d7d78ead-aab4-4266-ae54-9e6d2ba8e2d7}</UniqueIdentifier>
    </Filter>
    <Filter Include="Componnent\ParticleSystem\Landing">
      <UniqueIdentifier>{f627f8ca-0cc5-4a6a-a380-a481c6e68f44}</UniqueIdentifier>
    </Filter>
    <Filter Include="Componnent\ParticleSystem\Slerp">
      <UniqueIdentifier>{7549ce95-d9ce-4df0-ac5f-b01bdb1dea25}</UniqueIdentifier>
    </Filter>
  </ItemGroup>
</Project>